
Microsoft Visual Studio Solution File, Format Version 12.00
# Visual Studio Version 16
VisualStudioVersion = 16.0.29806.167
MinimumVisualStudioVersion = 10.0.40219.1
Project("{FAE04EC0-301F-11D3-BF4B-00C04F79EFBC}") = "County_Credit_Letters", "County_Credit_Letters\County_Credit_Letters.csproj", "{5D1E4502-E12A-4019-88FB-165974CC7D94}"
EndProject
Project("{FAE04EC0-301F-11D3-BF4B-00C04F79EFBC}") = "County.Domain_Model", "County.Domain_Model\County.Domain_Model.csproj", "{A7AB5F09-6216-4F32-A3B0-9B9BC16FF9A3}"
EndProject
Project("{FAE04EC0-301F-11D3-BF4B-00C04F79EFBC}") = "County_API", "County_API\County_API.csproj", "{01007F02-B137-4509-9712-C0D168EC4621}"
EndProject
Global
	GlobalSection(SolutionConfigurationPlatforms) = preSolution
		Debug|Any CPU = Debug|Any CPU
		Release|Any CPU = Release|Any CPU
	EndGlobalSection
	GlobalSection(ProjectConfigurationPlatforms) = postSolution
		{5D1E4502-E12A-4019-88FB-165974CC7D94}.Debug|Any CPU.ActiveCfg = Debug|Any CPU
		{5D1E4502-E12A-4019-88FB-165974CC7D94}.Debug|Any CPU.Build.0 = Debug|Any CPU
		{5D1E4502-E12A-4019-88FB-165974CC7D94}.Release|Any CPU.ActiveCfg = Release|Any CPU
		{5D1E4502-E12A-4019-88FB-165974CC7D94}.Release|Any CPU.Build.0 = Release|Any CPU
		{A7AB5F09-6216-4F32-A3B0-9B9BC16FF9A3}.Debug|Any CPU.ActiveCfg = Debug|Any CPU
		{A7AB5F09-6216-4F32-A3B0-9B9BC16FF9A3}.Debug|Any CPU.Build.0 = Debug|Any CPU
		{A7AB5F09-6216-4F32-A3B0-9B9BC16FF9A3}.Release|Any CPU.ActiveCfg = Release|Any CPU
		{A7AB5F09-6216-4F32-A3B0-9B9BC16FF9A3}.Release|Any CPU.Build.0 = Release|Any CPU
		{01007F02-B137-4509-9712-C0D168EC4621}.Debug|Any CPU.ActiveCfg = Debug|Any CPU
		{01007F02-B137-4509-9712-C0D168EC4621}.Debug|Any CPU.Build.0 = Debug|Any CPU
		{01007F02-B137-4509-9712-C0D168EC4621}.Release|Any CPU.ActiveCfg = Release|Any CPU
		{01007F02-B137-4509-9712-C0D168EC4621}.Release|Any CPU.Build.0 = Release|Any CPU
	EndGlobalSection
	GlobalSection(SolutionProperties) = preSolution
		HideSolutionNode = FALSE
	EndGlobalSection
	GlobalSection(ExtensibilityGlobals) = postSolution
		SolutionGuid = {9AC5B437-D890-431A-9502-D3ED393875B6}
	EndGlobalSection
	GlobalSection(TeamFoundationVersionControl) = preSolution
		SccNumberOfProjects = 4
		SccEnterpriseProvider = {4CA58AB2-18FA-4F8D-95D4-32DDF27D184C}
		SccTeamFoundationServer = http://tfs.mwetanacloud.com/i10collection
		SccLocalPath0 = .
		SccProjectUniqueName1 = County.Domain_Model\\County.Domain_Model.csproj
		SccProjectName1 = County.Domain_Model
		SccLocalPath1 = County.Domain_Model
		SccProjectUniqueName2 = County_API\\County_API.csproj
		SccProjectName2 = County_API
		SccLocalPath2 = County_API
		SccProjectUniqueName3 = County_Credit_Letters\\County_Credit_Letters.csproj
		SccProjectName3 = County_Credit_Letters
		SccLocalPath3 = County_Credit_Letters
	EndGlobalSection
EndGlobal
